Microsoft Visual Studio Solution File, Format Version 12.00
# Visual Studio 15
VisualStudioVersion = 15.0.28307.136
MinimumVisualStudioVersion = 10.0.40219.1
Project("{2150E333-8FDC-42A3-9474-1A3956D46DE8}") = ".solution", ".solution", "{577FDF95-8314-41C1-BAB0-4BE3D3F51850}"
	ProjectSection(SolutionItems) = preProject
		.editorconfig = .editorconfig
	EndProjectSection
EndProject
Project("{2150E333-8FDC-42A3-9474-1A3956D46DE8}") = "app", "app", "{45CE045B-CE8D-4EA8-8210-2ED8479651B7}"
EndProject
Project("{2150E333-8FDC-42A3-9474-1A3956D46DE8}") = "lib", "lib", "{06F0F5C3-33E2-482A-B7E9-679E09CE3710}"
EndProject
Project("{2150E333-8FDC-42A3-9474-1A3956D46DE8}") = "test", "test", "{9EEB437D-535D-4847-928D-F50AB7BB23B1}"
EndProject
Project("{9A19103F-16F7-4668-BE54-9A1E7A4F7556}") = "CFProxy", "src\CFProxy\CFProxy.csproj", "{310434F0-1BE5-4484-9B4E-8D1F424942FB}"
EndProject
Project("{9A19103F-16F7-4668-BE54-9A1E7A4F7556}") = "CFProxy.API", "src\CFProxy.API\CFProxy.API.csproj", "{D61C4844-C8DA-4CC2-B974-0CDF0CDE9712}"
EndProject
Project("{9A19103F-16F7-4668-BE54-9A1E7A4F7556}") = "CFProxy.API.AzureFunc", "src\CFProxy.API.AzureFunc\CFProxy.API.AzureFunc.csproj", "{B2A90609-E6A4-4C65-8BCE-6259ECF5AEC8}"
EndProject
Project("{9A19103F-16F7-4668-BE54-9A1E7A4F7556}") = "CFProxy.API.Handlers", "src\libs\CFProxy.API.Handlers\CFProxy.API.Handlers.csproj", "{2B638E85-C8EE-45A5-A277-B4F98D2B92FB}"
EndProject
Project("{9A19103F-16F7-4668-BE54-9A1E7A4F7556}") = "CFProxy.Repositories", "CFProxy.Repositories\CFProxy.Repositories.csproj", "{C8FD861B-E0C3-42C7-A5B1-6B2ACE2CA60A}"
EndProject
Global
	GlobalSection(SolutionConfigurationPlatforms) = preSolution
		Debug|Any CPU = Debug|Any CPU
		Release|Any CPU = Release|Any CPU
	EndGlobalSection
	GlobalSection(ProjectConfigurationPlatforms) = postSolution
		{310434F0-1BE5-4484-9B4E-8D1F424942FB}.Debug|Any CPU.ActiveCfg = Debug|Any CPU
		{310434F0-1BE5-4484-9B4E-8D1F424942FB}.Debug|Any CPU.Build.0 = Debug|Any CPU
		{310434F0-1BE5-4484-9B4E-8D1F424942FB}.Release|Any CPU.ActiveCfg = Release|Any CPU
		{310434F0-1BE5-4484-9B4E-8D1F424942FB}.Release|Any CPU.Build.0 = Release|Any CPU
		{D61C4844-C8DA-4CC2-B974-0CDF0CDE9712}.Debug|Any CPU.ActiveCfg = Debug|Any CPU
		{D61C4844-C8DA-4CC2-B974-0CDF0CDE9712}.Debug|Any CPU.Build.0 = Debug|Any CPU
		{D61C4844-C8DA-4CC2-B974-0CDF0CDE9712}.Release|Any CPU.ActiveCfg = Release|Any CPU
		{D61C4844-C8DA-4CC2-B974-0CDF0CDE9712}.Release|Any CPU.Build.0 = Release|Any CPU
		{B2A90609-E6A4-4C65-8BCE-6259ECF5AEC8}.Debug|Any CPU.ActiveCfg = Debug|Any CPU
		{B2A90609-E6A4-4C65-8BCE-6259ECF5AEC8}.Debug|Any CPU.Build.0 = Debug|Any CPU
		{B2A90609-E6A4-4C65-8BCE-6259ECF5AEC8}.Release|Any CPU.ActiveCfg = Release|Any CPU
		{B2A90609-E6A4-4C65-8BCE-6259ECF5AEC8}.Release|Any CPU.Build.0 = Release|Any CPU
		{2B638E85-C8EE-45A5-A277-B4F98D2B92FB}.Debug|Any CPU.ActiveCfg = Debug|Any CPU
		{2B638E85-C8EE-45A5-A277-B4F98D2B92FB}.Debug|Any CPU.Build.0 = Debug|Any CPU
		{2B638E85-C8EE-45A5-A277-B4F98D2B92FB}.Release|Any CPU.ActiveCfg = Release|Any CPU
		{2B638E85-C8EE-45A5-A277-B4F98D2B92FB}.Release|Any CPU.Build.0 = Release|Any CPU
		{C8FD861B-E0C3-42C7-A5B1-6B2ACE2CA60A}.Debug|Any CPU.ActiveCfg = Debug|Any CPU
		{C8FD861B-E0C3-42C7-A5B1-6B2ACE2CA60A}.Debug|Any CPU.Build.0 = Debug|Any CPU
		{C8FD861B-E0C3-42C7-A5B1-6B2ACE2CA60A}.Release|Any CPU.ActiveCfg = Release|Any CPU
		{C8FD861B-E0C3-42C7-A5B1-6B2ACE2CA60A}.Release|Any CPU.Build.0 = Release|Any CPU
	EndGlobalSection
	GlobalSection(SolutionProperties) = preSolution
		HideSolutionNode = FALSE
	EndGlobalSection
	GlobalSection(NestedProjects) = preSolution
		{310434F0-1BE5-4484-9B4E-8D1F424942FB} = {45CE045B-CE8D-4EA8-8210-2ED8479651B7}
		{D61C4844-C8DA-4CC2-B974-0CDF0CDE9712} = {45CE045B-CE8D-4EA8-8210-2ED8479651B7}
		{B2A90609-E6A4-4C65-8BCE-6259ECF5AEC8} = {45CE045B-CE8D-4EA8-8210-2ED8479651B7}
		{2B638E85-C8EE-45A5-A277-B4F98D2B92FB} = {06F0F5C3-33E2-482A-B7E9-679E09CE3710}
		{C8FD861B-E0C3-42C7-A5B1-6B2ACE2CA60A} = {06F0F5C3-33E2-482A-B7E9-679E09CE3710}
	EndGlobalSection
	GlobalSection(ExtensibilityGlobals) = postSolution
		SolutionGuid = {F9F0204D-6049-48F6-9DF3-1092333360E3}
	EndGlobalSection
EndGlobal
